
Microsoft Visual Studio Solution File, Format Version 12.00
# Visual Studio 2013
VisualStudioVersion = 12.0.31101.0
MinimumVisualStudioVersion = 10.0.40219.1
Project("{FAE04EC0-301F-11D3-BF4B-00C04F79EFBC}") = "214e", "214e.csproj", "{665A83A9-2C15-4DC8-9B69-CE4C5E92BEFD}"
EndProject
Global
	GlobalSection(SolutionConfigurationPlatforms) = preSolution
		Debug|Any CPU = Debug|Any CPU
		Release|Any CPU = Release|Any CPU
	EndGlobalSection
	GlobalSection(ProjectConfigurationPlatforms) = postSolution
		{665A83A9-2C15-4DC8-9B69-CE4C5E92BEFD}.Debug|Any CPU.ActiveCfg = Debug|Any CPU
		{665A83A9-2C15-4DC8-9B69-CE4C5E92BEFD}.Debug|Any CPU.Build.0 = Debug|Any CPU
		{665A83A9-2C15-4DC8-9B69-CE4C5E92BEFD}.Release|Any CPU.ActiveCfg = Release|Any CPU
		{665A83A9-2C15-4DC8-9B69-CE4C5E92BEFD}.Release|Any CPU.Build.0 = Release|Any CPU
	EndGlobalSection
	GlobalSection(SolutionProperties) = preSolution
		HideSolutionNode = FALSE
	EndGlobalSection
EndGlobal
